
Microsoft Visual Studio Solution File, Format Version 12.00
# Visual Studio Version 17
VisualStudioVersion = 17.2.32505.173
MinimumVisualStudioVersion = 10.0.40219.1
Project("{FAE04EC0-301F-11D3-BF4B-00C04F79EFBC}") = "chandenExcel", "chandenExcel\chandenExcel.csproj", "{DAD8C649-E73E-476A-B17B-8C60858D26F1}"
EndProject
Global
	GlobalSection(SolutionConfigurationPlatforms) = preSolution
		Debug|Any CPU = Debug|Any CPU
		Release|Any CPU = Release|Any CPU
	EndGlobalSection
	GlobalSection(ProjectConfigurationPlatforms) = postSolution
		{DAD8C649-E73E-476A-B17B-8C60858D26F1}.Debug|Any CPU.ActiveCfg = Debug|Any CPU
		{DAD8C649-E73E-476A-B17B-8C60858D26F1}.Debug|Any CPU.Build.0 = Debug|Any CPU
		{DAD8C649-E73E-476A-B17B-8C60858D26F1}.Release|Any CPU.ActiveCfg = Release|Any CPU
		{DAD8C649-E73E-476A-B17B-8C60858D26F1}.Release|Any CPU.Build.0 = Release|Any CPU
	EndGlobalSection
	GlobalSection(SolutionProperties) = preSolution
		HideSolutionNode = FALSE
	EndGlobalSection
	GlobalSection(ExtensibilityGlobals) = postSolution
		SolutionGuid = {97891E0B-C16C-474E-B868-06DC99E35CE1}
	EndGlobalSection
EndGlobal
