
Microsoft Visual Studio Solution File, Format Version 12.00
# Visual Studio Version 17
VisualStudioVersion = 17.7.34003.232
MinimumVisualStudioVersion = 10.0.40219.1
Project("{FAE04EC0-301F-11D3-BF4B-00C04F79EFBC}") = "WebApplication3", "WebApplication3\WebApplication3.csproj", "{58BD962F-4867-4116-9573-3D422B271ACA}"
EndProject
Global
	GlobalSection(SolutionConfigurationPlatforms) = preSolution
		Debug|Any CPU = Debug|Any CPU
		Release|Any CPU = Release|Any CPU
	EndGlobalSection
	GlobalSection(ProjectConfigurationPlatforms) = postSolution
		{58BD962F-4867-4116-9573-3D422B271ACA}.Debug|Any CPU.ActiveCfg = Debug|Any CPU
		{58BD962F-4867-4116-9573-3D422B271ACA}.Debug|Any CPU.Build.0 = Debug|Any CPU
		{58BD962F-4867-4116-9573-3D422B271ACA}.Release|Any CPU.ActiveCfg = Release|Any CPU
		{58BD962F-4867-4116-9573-3D422B271ACA}.Release|Any CPU.Build.0 = Release|Any CPU
	EndGlobalSection
	GlobalSection(SolutionProperties) = preSolution
		HideSolutionNode = FALSE
	EndGlobalSection
	GlobalSection(ExtensibilityGlobals) = postSolution
		SolutionGuid = {1C45C46A-1083-4140-915D-F0731B43AE05}
	EndGlobalSection
EndGlobal
