
Microsoft Visual Studio Solution File, Format Version 12.00
# Visual Studio Version 17
VisualStudioVersion = 17.2.32505.173
MinimumVisualStudioVersion = 10.0.40219.1
Project("{FAE04EC0-301F-11D3-BF4B-00C04F79EFBC}") = "RJVLS", "RJVLS\RJVLS.csproj", "{69164DD4-D83B-4D68-9E62-6A602E591EDA}"
EndProject
Global
	GlobalSection(SolutionConfigurationPlatforms) = preSolution
		Debug|Any CPU = Debug|Any CPU
		Release|Any CPU = Release|Any CPU
	EndGlobalSection
	GlobalSection(ProjectConfigurationPlatforms) = postSolution
		{69164DD4-D83B-4D68-9E62-6A602E591EDA}.Debug|Any CPU.ActiveCfg = Debug|Any CPU
		{69164DD4-D83B-4D68-9E62-6A602E591EDA}.Debug|Any CPU.Build.0 = Debug|Any CPU
		{69164DD4-D83B-4D68-9E62-6A602E591EDA}.Release|Any CPU.ActiveCfg = Release|Any CPU
		{69164DD4-D83B-4D68-9E62-6A602E591EDA}.Release|Any CPU.Build.0 = Release|Any CPU
	EndGlobalSection
	GlobalSection(SolutionProperties) = preSolution
		HideSolutionNode = FALSE
	EndGlobalSection
	GlobalSection(ExtensibilityGlobals) = postSolution
		SolutionGuid = {3F5E3AA3-2BEB-49A0-87F4-253092744991}
	EndGlobalSection
EndGlobal
